
Microsoft Visual Studio Solution File, Format Version 11.00
# Visual Studio 2010
Project("{FAE04EC0-301F-11D3-BF4B-00C04F79EFBC}") = "MacdonaldSmith.Silk.ViewTable", "MacdonaldSmith.Silk.ViewTable\MacdonaldSmith.Silk.ViewTable.csproj", "{44EF7E94-5FAD-47BA-B78E-98F834F6F248}"
EndProject
Project("{FAE04EC0-301F-11D3-BF4B-00C04F79EFBC}") = "MacdonaldSmith.Silk.ViewTable.Tests", "MacdonaldSmith.Silk.ViewTable.Tests\MacdonaldSmith.Silk.ViewTable.Tests.csproj", "{EDC85B16-02D2-452F-90CB-84FBD2CAC9B4}"
EndProject
Global
	GlobalSection(SolutionConfigurationPlatforms) = preSolution
		Debug|Any CPU = Debug|Any CPU
		Release|Any CPU = Release|Any CPU
	EndGlobalSection
	GlobalSection(ProjectConfigurationPlatforms) = postSolution
		{44EF7E94-5FAD-47BA-B78E-98F834F6F248}.Debug|Any CPU.ActiveCfg = Debug|Any CPU
		{44EF7E94-5FAD-47BA-B78E-98F834F6F248}.Debug|Any CPU.Build.0 = Debug|Any CPU
		{44EF7E94-5FAD-47BA-B78E-98F834F6F248}.Release|Any CPU.ActiveCfg = Release|Any CPU
		{44EF7E94-5FAD-47BA-B78E-98F834F6F248}.Release|Any CPU.Build.0 = Release|Any CPU
		{EDC85B16-02D2-452F-90CB-84FBD2CAC9B4}.Debug|Any CPU.ActiveCfg = Debug|Any CPU
		{EDC85B16-02D2-452F-90CB-84FBD2CAC9B4}.Debug|Any CPU.Build.0 = Debug|Any CPU
		{EDC85B16-02D2-452F-90CB-84FBD2CAC9B4}.Release|Any CPU.ActiveCfg = Release|Any CPU
		{EDC85B16-02D2-452F-90CB-84FBD2CAC9B4}.Release|Any CPU.Build.0 = Release|Any CPU
	EndGlobalSection
	GlobalSection(SolutionProperties) = preSolution
		HideSolutionNode = FALSE
	EndGlobalSection
EndGlobal
